
Microsoft Visual Studio Solution File, Format Version 11.00
# Visual Studio 2010
Project("{FAE04EC0-301F-11D3-BF4B-00C04F79EFBC}") = "Effort", "Effort\Effort.csproj", "{E612D252-9081-4995-B717-5DBEF8240FB6}"
EndProject
Project("{FAE04EC0-301F-11D3-BF4B-00C04F79EFBC}") = "EFProviderWrapperToolkit", "EFProviderWrapperToolkit\EFProviderWrapperToolkit.csproj", "{BAF62DE6-51D0-49AB-9E4E-9240E85E9C35}"
EndProject
Project("{FAE04EC0-301F-11D3-BF4B-00C04F79EFBC}") = "Effort.Example", "Effort.Example\Effort.Example.csproj", "{C8B9E3D8-7CE3-4758-90EA-16292F7DA686}"
EndProject
Project("{FAE04EC0-301F-11D3-BF4B-00C04F79EFBC}") = "Effort.Example.Test", "Effort.Example.Test\Effort.Example.Test.csproj", "{69AAB926-431E-4659-BAB3-3F0F1B0773C5}"
EndProject
Project("{FAE04EC0-301F-11D3-BF4B-00C04F79EFBC}") = "Effort.Test", "Effort.Test\Effort.Test.csproj", "{368B9C8C-234A-4D63-BF17-22C87A126EB6}"
EndProject
Project("{FAE04EC0-301F-11D3-BF4B-00C04F79EFBC}") = "Effort.CsvTool", "Effort.CsvTool\Effort.CsvTool.csproj", "{E0FD26F8-DE04-4D6A-8EAD-1BB3001DF6D0}"
EndProject
Project("{FAE04EC0-301F-11D3-BF4B-00C04F79EFBC}") = "Effort.CodeFirst", "Effort.CodeFirst\Effort.CodeFirst.csproj", "{71643F81-B32F-4D87-AC44-C2AAEF6F3BFA}"
EndProject
Project("{FAE04EC0-301F-11D3-BF4B-00C04F79EFBC}") = "Effort.CodeFirst.Test", "Effort.CodeFirst.Test\Effort.CodeFirst.Test.csproj", "{BB41832B-3E7A-4ADA-9835-1317064ED5E0}"
EndProject
Project("{FAE04EC0-301F-11D3-BF4B-00C04F79EFBC}") = "Effort.ConsoleTest", "Effort.ConsoleTest\Effort.ConsoleTest.csproj", "{154088B1-7CE7-4375-8B05-3E5111B4F25F}"
EndProject
Project("{2150E333-8FDC-42A3-9474-1A3956D46DE8}") = "Várnai Zsolt Demo", "Várnai Zsolt Demo", "{8C7C7D6C-4342-4DFB-958D-7969D5071CE2}"
EndProject
Project("{FAE04EC0-301F-11D3-BF4B-00C04F79EFBC}") = "Effort.AcceleratorModeDemo", "Effort.AcceleratorModeDemo\Effort.AcceleratorModeDemo.csproj", "{AF0354B1-4F62-4540-8C81-C4896D2F9120}"
EndProject
Project("{FAE04EC0-301F-11D3-BF4B-00C04F79EFBC}") = "Effort.CodeFirstDemo", "Effort.CodeFirstDemo\Effort.CodeFirstDemo.csproj", "{34009D64-C5DB-4F5A-A1DA-43D49AC00B0D}"
EndProject
Project("{FAE04EC0-301F-11D3-BF4B-00C04F79EFBC}") = "Effort.DemoCore", "Effort.DemoCore\Effort.DemoCore.csproj", "{08658F8E-BDA1-46B0-A9B1-D2C8B6532B0D}"
EndProject
Global
	GlobalSection(TeamFoundationVersionControl) = preSolution
		SccNumberOfProjects = 13
		SccEnterpriseProvider = {4CA58AB2-18FA-4F8D-95D4-32DDF27D184C}
		SccTeamFoundationServer = https://tfs.codeplex.com/tfs/tfs25
		SccLocalPath0 = .
		SccProjectUniqueName1 = Effort\\Effort.csproj
		SccProjectName1 = Effort
		SccLocalPath1 = Effort
		SccProjectUniqueName2 = EFProviderWrapperToolkit\\EFProviderWrapperToolkit.csproj
		SccProjectName2 = EFProviderWrapperToolkit
		SccLocalPath2 = EFProviderWrapperToolkit
		SccProjectUniqueName3 = Effort.Example\\Effort.Example.csproj
		SccProjectName3 = Effort.Example
		SccLocalPath3 = Effort.Example
		SccProjectUniqueName4 = Effort.Example.Test\\Effort.Example.Test.csproj
		SccProjectName4 = Effort.Example.Test
		SccLocalPath4 = Effort.Example.Test
		SccProjectUniqueName5 = Effort.Test\\Effort.Test.csproj
		SccProjectName5 = Effort.Test
		SccLocalPath5 = Effort.Test
		SccProjectUniqueName6 = Effort.CsvTool\\Effort.CsvTool.csproj
		SccProjectName6 = Effort.CsvTool
		SccLocalPath6 = Effort.CsvTool
		SccProjectUniqueName7 = Effort.CodeFirst\\Effort.CodeFirst.csproj
		SccProjectName7 = Effort.CodeFirst
		SccLocalPath7 = Effort.CodeFirst
		SccProjectUniqueName8 = Effort.CodeFirst.Test\\Effort.CodeFirst.Test.csproj
		SccProjectName8 = Effort.CodeFirst.Test
		SccLocalPath8 = Effort.CodeFirst.Test
		SccProjectUniqueName9 = Effort.ConsoleTest\\Effort.ConsoleTest.csproj
		SccProjectName9 = Effort.ConsoleTest
		SccLocalPath9 = Effort.ConsoleTest
		SccProjectUniqueName10 = Effort.AcceleratorModeDemo\\Effort.AcceleratorModeDemo.csproj
		SccProjectTopLevelParentUniqueName10 = Effort.sln
		SccProjectName10 = Effort.AcceleratorModeDemo
		SccLocalPath10 = Effort.AcceleratorModeDemo
		SccProjectUniqueName11 = Effort.CodeFirstDemo\\Effort.CodeFirstDemo.csproj
		SccProjectTopLevelParentUniqueName11 = Effort.sln
		SccProjectName11 = Effort.CodeFirstDemo
		SccLocalPath11 = Effort.CodeFirstDemo
		SccProjectUniqueName12 = Effort.DemoCore\\Effort.DemoCore.csproj
		SccProjectTopLevelParentUniqueName12 = Effort.sln
		SccProjectName12 = Effort.DemoCore
		SccLocalPath12 = Effort.DemoCore
	EndGlobalSection
	GlobalSection(SolutionConfigurationPlatforms) = preSolution
		Debug|Any CPU = Debug|Any CPU
		Debug|Mixed Platforms = Debug|Mixed Platforms
		Debug|x86 = Debug|x86
		Release|Any CPU = Release|Any CPU
		Release|Mixed Platforms = Release|Mixed Platforms
		Release|x86 = Release|x86
	EndGlobalSection
	GlobalSection(ProjectConfigurationPlatforms) = postSolution
		{E612D252-9081-4995-B717-5DBEF8240FB6}.Debug|Any CPU.ActiveCfg = Debug|Any CPU
		{E612D252-9081-4995-B717-5DBEF8240FB6}.Debug|Any CPU.Build.0 = Debug|Any CPU
		{E612D252-9081-4995-B717-5DBEF8240FB6}.Debug|Mixed Platforms.ActiveCfg = Debug|Any CPU
		{E612D252-9081-4995-B717-5DBEF8240FB6}.Debug|Mixed Platforms.Build.0 = Debug|Any CPU
		{E612D252-9081-4995-B717-5DBEF8240FB6}.Debug|x86.ActiveCfg = Debug|Any CPU
		{E612D252-9081-4995-B717-5DBEF8240FB6}.Debug|x86.Build.0 = Debug|Any CPU
		{E612D252-9081-4995-B717-5DBEF8240FB6}.Release|Any CPU.ActiveCfg = Release|Any CPU
		{E612D252-9081-4995-B717-5DBEF8240FB6}.Release|Any CPU.Build.0 = Release|Any CPU
		{E612D252-9081-4995-B717-5DBEF8240FB6}.Release|Mixed Platforms.ActiveCfg = Release|Any CPU
		{E612D252-9081-4995-B717-5DBEF8240FB6}.Release|Mixed Platforms.Build.0 = Release|Any CPU
		{E612D252-9081-4995-B717-5DBEF8240FB6}.Release|x86.ActiveCfg = Release|x86
		{E612D252-9081-4995-B717-5DBEF8240FB6}.Release|x86.Build.0 = Release|x86
		{BAF62DE6-51D0-49AB-9E4E-9240E85E9C35}.Debug|Any CPU.ActiveCfg = Debug|Any CPU
		{BAF62DE6-51D0-49AB-9E4E-9240E85E9C35}.Debug|Any CPU.Build.0 = Debug|Any CPU
		{BAF62DE6-51D0-49AB-9E4E-9240E85E9C35}.Debug|Mixed Platforms.ActiveCfg = Debug|x86
		{BAF62DE6-51D0-49AB-9E4E-9240E85E9C35}.Debug|Mixed Platforms.Build.0 = Debug|x86
		{BAF62DE6-51D0-49AB-9E4E-9240E85E9C35}.Debug|x86.ActiveCfg = Debug|Any CPU
		{BAF62DE6-51D0-49AB-9E4E-9240E85E9C35}.Debug|x86.Build.0 = Debug|Any CPU
		{BAF62DE6-51D0-49AB-9E4E-9240E85E9C35}.Release|Any CPU.ActiveCfg = Release|Any CPU
		{BAF62DE6-51D0-49AB-9E4E-9240E85E9C35}.Release|Any CPU.Build.0 = Release|Any CPU
		{BAF62DE6-51D0-49AB-9E4E-9240E85E9C35}.Release|Mixed Platforms.ActiveCfg = Release|x86
		{BAF62DE6-51D0-49AB-9E4E-9240E85E9C35}.Release|Mixed Platforms.Build.0 = Release|x86
		{BAF62DE6-51D0-49AB-9E4E-9240E85E9C35}.Release|x86.ActiveCfg = Release|x86
		{BAF62DE6-51D0-49AB-9E4E-9240E85E9C35}.Release|x86.Build.0 = Release|x86
		{C8B9E3D8-7CE3-4758-90EA-16292F7DA686}.Debug|Any CPU.ActiveCfg = Debug|Any CPU
		{C8B9E3D8-7CE3-4758-90EA-16292F7DA686}.Debug|Any CPU.Build.0 = Debug|Any CPU
		{C8B9E3D8-7CE3-4758-90EA-16292F7DA686}.Debug|Mixed Platforms.ActiveCfg = Debug|Any CPU
		{C8B9E3D8-7CE3-4758-90EA-16292F7DA686}.Debug|Mixed Platforms.Build.0 = Debug|Any CPU
		{C8B9E3D8-7CE3-4758-90EA-16292F7DA686}.Debug|x86.ActiveCfg = Debug|Any CPU
		{C8B9E3D8-7CE3-4758-90EA-16292F7DA686}.Debug|x86.Build.0 = Debug|Any CPU
		{C8B9E3D8-7CE3-4758-90EA-16292F7DA686}.Release|Any CPU.ActiveCfg = Release|Any CPU
		{C8B9E3D8-7CE3-4758-90EA-16292F7DA686}.Release|Any CPU.Build.0 = Release|Any CPU
		{C8B9E3D8-7CE3-4758-90EA-16292F7DA686}.Release|Mixed Platforms.ActiveCfg = Release|Any CPU
		{C8B9E3D8-7CE3-4758-90EA-16292F7DA686}.Release|Mixed Platforms.Build.0 = Release|Any CPU
		{C8B9E3D8-7CE3-4758-90EA-16292F7DA686}.Release|x86.ActiveCfg = Release|Any CPU
		{69AAB926-431E-4659-BAB3-3F0F1B0773C5}.Debug|Any CPU.ActiveCfg = Debug|Any CPU
		{69AAB926-431E-4659-BAB3-3F0F1B0773C5}.Debug|Any CPU.Build.0 = Debug|Any CPU
		{69AAB926-431E-4659-BAB3-3F0F1B0773C5}.Debug|Mixed Platforms.ActiveCfg = Debug|Any CPU
		{69AAB926-431E-4659-BAB3-3F0F1B0773C5}.Debug|Mixed Platforms.Build.0 = Debug|Any CPU
		{69AAB926-431E-4659-BAB3-3F0F1B0773C5}.Debug|x86.ActiveCfg = Debug|Any CPU
		{69AAB926-431E-4659-BAB3-3F0F1B0773C5}.Debug|x86.Build.0 = Debug|Any CPU
		{69AAB926-431E-4659-BAB3-3F0F1B0773C5}.Release|Any CPU.ActiveCfg = Release|Any CPU
		{69AAB926-431E-4659-BAB3-3F0F1B0773C5}.Release|Any CPU.Build.0 = Release|Any CPU
		{69AAB926-431E-4659-BAB3-3F0F1B0773C5}.Release|Mixed Platforms.ActiveCfg = Release|Any CPU
		{69AAB926-431E-4659-BAB3-3F0F1B0773C5}.Release|Mixed Platforms.Build.0 = Release|Any CPU
		{69AAB926-431E-4659-BAB3-3F0F1B0773C5}.Release|x86.ActiveCfg = Release|Any CPU
		{368B9C8C-234A-4D63-BF17-22C87A126EB6}.Debug|Any CPU.ActiveCfg = Debug|Any CPU
		{368B9C8C-234A-4D63-BF17-22C87A126EB6}.Debug|Any CPU.Build.0 = Debug|Any CPU
		{368B9C8C-234A-4D63-BF17-22C87A126EB6}.Debug|Mixed Platforms.ActiveCfg = Debug|Any CPU
		{368B9C8C-234A-4D63-BF17-22C87A126EB6}.Debug|Mixed Platforms.Build.0 = Debug|Any CPU
		{368B9C8C-234A-4D63-BF17-22C87A126EB6}.Debug|x86.ActiveCfg = Debug|Any CPU
		{368B9C8C-234A-4D63-BF17-22C87A126EB6}.Debug|x86.Build.0 = Debug|Any CPU
		{368B9C8C-234A-4D63-BF17-22C87A126EB6}.Release|Any CPU.ActiveCfg = Release|Any CPU
		{368B9C8C-234A-4D63-BF17-22C87A126EB6}.Release|Any CPU.Build.0 = Release|Any CPU
		{368B9C8C-234A-4D63-BF17-22C87A126EB6}.Release|Mixed Platforms.ActiveCfg = Release|Any CPU
		{368B9C8C-234A-4D63-BF17-22C87A126EB6}.Release|Mixed Platforms.Build.0 = Release|Any CPU
		{368B9C8C-234A-4D63-BF17-22C87A126EB6}.Release|x86.ActiveCfg = Release|Any CPU
		{E0FD26F8-DE04-4D6A-8EAD-1BB3001DF6D0}.Debug|Any CPU.ActiveCfg = Debug|Any CPU
		{E0FD26F8-DE04-4D6A-8EAD-1BB3001DF6D0}.Debug|Any CPU.Build.0 = Debug|Any CPU
		{E0FD26F8-DE04-4D6A-8EAD-1BB3001DF6D0}.Debug|Mixed Platforms.ActiveCfg = Debug|Any CPU
		{E0FD26F8-DE04-4D6A-8EAD-1BB3001DF6D0}.Debug|Mixed Platforms.Build.0 = Debug|Any CPU
		{E0FD26F8-DE04-4D6A-8EAD-1BB3001DF6D0}.Debug|x86.ActiveCfg = Debug|Any CPU
		{E0FD26F8-DE04-4D6A-8EAD-1BB3001DF6D0}.Debug|x86.Build.0 = Debug|Any CPU
		{E0FD26F8-DE04-4D6A-8EAD-1BB3001DF6D0}.Release|Any CPU.ActiveCfg = Release|Any CPU
		{E0FD26F8-DE04-4D6A-8EAD-1BB3001DF6D0}.Release|Any CPU.Build.0 = Release|Any CPU
		{E0FD26F8-DE04-4D6A-8EAD-1BB3001DF6D0}.Release|Mixed Platforms.ActiveCfg = Release|Any CPU
		{E0FD26F8-DE04-4D6A-8EAD-1BB3001DF6D0}.Release|Mixed Platforms.Build.0 = Release|Any CPU
		{E0FD26F8-DE04-4D6A-8EAD-1BB3001DF6D0}.Release|x86.ActiveCfg = Release|x86
		{E0FD26F8-DE04-4D6A-8EAD-1BB3001DF6D0}.Release|x86.Build.0 = Release|x86
		{71643F81-B32F-4D87-AC44-C2AAEF6F3BFA}.Debug|Any CPU.ActiveCfg = Debug|Any CPU
		{71643F81-B32F-4D87-AC44-C2AAEF6F3BFA}.Debug|Any CPU.Build.0 = Debug|Any CPU
		{71643F81-B32F-4D87-AC44-C2AAEF6F3BFA}.Debug|Mixed Platforms.ActiveCfg = Debug|Any CPU
		{71643F81-B32F-4D87-AC44-C2AAEF6F3BFA}.Debug|Mixed Platforms.Build.0 = Debug|Any CPU
		{71643F81-B32F-4D87-AC44-C2AAEF6F3BFA}.Debug|x86.ActiveCfg = Debug|Any CPU
		{71643F81-B32F-4D87-AC44-C2AAEF6F3BFA}.Release|Any CPU.ActiveCfg = Release|Any CPU
		{71643F81-B32F-4D87-AC44-C2AAEF6F3BFA}.Release|Any CPU.Build.0 = Release|Any CPU
		{71643F81-B32F-4D87-AC44-C2AAEF6F3BFA}.Release|Mixed Platforms.ActiveCfg = Release|Any CPU
		{71643F81-B32F-4D87-AC44-C2AAEF6F3BFA}.Release|Mixed Platforms.Build.0 = Release|Any CPU
		{71643F81-B32F-4D87-AC44-C2AAEF6F3BFA}.Release|x86.ActiveCfg = Release|Any CPU
		{BB41832B-3E7A-4ADA-9835-1317064ED5E0}.Debug|Any CPU.ActiveCfg = Debug|x86
		{BB41832B-3E7A-4ADA-9835-1317064ED5E0}.Debug|Mixed Platforms.ActiveCfg = Debug|x86
		{BB41832B-3E7A-4ADA-9835-1317064ED5E0}.Debug|Mixed Platforms.Build.0 = Debug|x86
		{BB41832B-3E7A-4ADA-9835-1317064ED5E0}.Debug|x86.ActiveCfg = Debug|x86
		{BB41832B-3E7A-4ADA-9835-1317064ED5E0}.Debug|x86.Build.0 = Debug|x86
		{BB41832B-3E7A-4ADA-9835-1317064ED5E0}.Release|Any CPU.ActiveCfg = Release|x86
		{BB41832B-3E7A-4ADA-9835-1317064ED5E0}.Release|Mixed Platforms.ActiveCfg = Release|x86
		{BB41832B-3E7A-4ADA-9835-1317064ED5E0}.Release|Mixed Platforms.Build.0 = Release|x86
		{BB41832B-3E7A-4ADA-9835-1317064ED5E0}.Release|x86.ActiveCfg = Release|x86
		{BB41832B-3E7A-4ADA-9835-1317064ED5E0}.Release|x86.Build.0 = Release|x86
		{154088B1-7CE7-4375-8B05-3E5111B4F25F}.Debug|Any CPU.ActiveCfg = Debug|x86
		{154088B1-7CE7-4375-8B05-3E5111B4F25F}.Debug|Mixed Platforms.ActiveCfg = Debug|x86
		{154088B1-7CE7-4375-8B05-3E5111B4F25F}.Debug|Mixed Platforms.Build.0 = Debug|x86
		{154088B1-7CE7-4375-8B05-3E5111B4F25F}.Debug|x86.ActiveCfg = Debug|x86
		{154088B1-7CE7-4375-8B05-3E5111B4F25F}.Debug|x86.Build.0 = Debug|x86
		{154088B1-7CE7-4375-8B05-3E5111B4F25F}.Release|Any CPU.ActiveCfg = Release|x86
		{154088B1-7CE7-4375-8B05-3E5111B4F25F}.Release|Mixed Platforms.ActiveCfg = Release|x86
		{154088B1-7CE7-4375-8B05-3E5111B4F25F}.Release|Mixed Platforms.Build.0 = Release|x86
		{154088B1-7CE7-4375-8B05-3E5111B4F25F}.Release|x86.ActiveCfg = Release|x86
		{154088B1-7CE7-4375-8B05-3E5111B4F25F}.Release|x86.Build.0 = Release|x86
		{AF0354B1-4F62-4540-8C81-C4896D2F9120}.Debug|Any CPU.ActiveCfg = Debug|x86
		{AF0354B1-4F62-4540-8C81-C4896D2F9120}.Debug|Mixed Platforms.ActiveCfg = Debug|x86
		{AF0354B1-4F62-4540-8C81-C4896D2F9120}.Debug|Mixed Platforms.Build.0 = Debug|x86
		{AF0354B1-4F62-4540-8C81-C4896D2F9120}.Debug|x86.ActiveCfg = Debug|x86
		{AF0354B1-4F62-4540-8C81-C4896D2F9120}.Debug|x86.Build.0 = Debug|x86
		{AF0354B1-4F62-4540-8C81-C4896D2F9120}.Release|Any CPU.ActiveCfg = Release|x86
		{AF0354B1-4F62-4540-8C81-C4896D2F9120}.Release|Mixed Platforms.ActiveCfg = Release|x86
		{AF0354B1-4F62-4540-8C81-C4896D2F9120}.Release|Mixed Platforms.Build.0 = Release|x86
		{AF0354B1-4F62-4540-8C81-C4896D2F9120}.Release|x86.ActiveCfg = Release|x86
		{AF0354B1-4F62-4540-8C81-C4896D2F9120}.Release|x86.Build.0 = Release|x86
		{34009D64-C5DB-4F5A-A1DA-43D49AC00B0D}.Debug|Any CPU.ActiveCfg = Debug|x86
		{34009D64-C5DB-4F5A-A1DA-43D49AC00B0D}.Debug|Mixed Platforms.ActiveCfg = Debug|x86
		{34009D64-C5DB-4F5A-A1DA-43D49AC00B0D}.Debug|Mixed Platforms.Build.0 = Debug|x86
		{34009D64-C5DB-4F5A-A1DA-43D49AC00B0D}.Debug|x86.ActiveCfg = Debug|x86
		{34009D64-C5DB-4F5A-A1DA-43D49AC00B0D}.Debug|x86.Build.0 = Debug|x86
		{34009D64-C5DB-4F5A-A1DA-43D49AC00B0D}.Release|Any CPU.ActiveCfg = Release|x86
		{34009D64-C5DB-4F5A-A1DA-43D49AC00B0D}.Release|Mixed Platforms.ActiveCfg = Release|x86
		{34009D64-C5DB-4F5A-A1DA-43D49AC00B0D}.Release|Mixed Platforms.Build.0 = Release|x86
		{34009D64-C5DB-4F5A-A1DA-43D49AC00B0D}.Release|x86.ActiveCfg = Release|x86
		{34009D64-C5DB-4F5A-A1DA-43D49AC00B0D}.Release|x86.Build.0 = Release|x86
		{08658F8E-BDA1-46B0-A9B1-D2C8B6532B0D}.Debug|Any CPU.ActiveCfg = Debug|Any CPU
		{08658F8E-BDA1-46B0-A9B1-D2C8B6532B0D}.Debug|Any CPU.Build.0 = Debug|Any CPU
		{08658F8E-BDA1-46B0-A9B1-D2C8B6532B0D}.Debug|Mixed Platforms.ActiveCfg = Debug|Any CPU
		{08658F8E-BDA1-46B0-A9B1-D2C8B6532B0D}.Debug|Mixed Platforms.Build.0 = Debug|Any CPU
		{08658F8E-BDA1-46B0-A9B1-D2C8B6532B0D}.Debug|x86.ActiveCfg = Debug|Any CPU
		{08658F8E-BDA1-46B0-A9B1-D2C8B6532B0D}.Release|Any CPU.ActiveCfg = Release|Any CPU
		{08658F8E-BDA1-46B0-A9B1-D2C8B6532B0D}.Release|Any CPU.Build.0 = Release|Any CPU
		{08658F8E-BDA1-46B0-A9B1-D2C8B6532B0D}.Release|Mixed Platforms.ActiveCfg = Release|Any CPU
		{08658F8E-BDA1-46B0-A9B1-D2C8B6532B0D}.Release|Mixed Platforms.Build.0 = Release|Any CPU
		{08658F8E-BDA1-46B0-A9B1-D2C8B6532B0D}.Release|x86.ActiveCfg = Release|Any CPU
	EndGlobalSection
	GlobalSection(SolutionProperties) = preSolution
		HideSolutionNode = FALSE
	EndGlobalSection
	GlobalSection(NestedProjects) = preSolution
		{AF0354B1-4F62-4540-8C81-C4896D2F9120} = {8C7C7D6C-4342-4DFB-958D-7969D5071CE2}
		{34009D64-C5DB-4F5A-A1DA-43D49AC00B0D} = {8C7C7D6C-4342-4DFB-958D-7969D5071CE2}
		{08658F8E-BDA1-46B0-A9B1-D2C8B6532B0D} = {8C7C7D6C-4342-4DFB-958D-7969D5071CE2}
	EndGlobalSection
EndGlobal
