
Microsoft Visual Studio Solution File, Format Version 12.00
# Visual Studio 15
VisualStudioVersion = 15.0.27703.2035
MinimumVisualStudioVersion = 10.0.40219.1
Project("{D954291E-2A0B-460D-934E-DC6B0785DB48}") = "Effort.Shared", "Effort.Shared\Effort.Shared.shproj", "{E52E4EEB-6182-4CA3-82D3-C83ACA7308BA}"
EndProject
Project("{FAE04EC0-301F-11D3-BF4B-00C04F79EFBC}") = "Z.EntityFramework.Classic.Effort.Net40", "Z.EntityFramework.Classic.Effort.Net40\Z.EntityFramework.Classic.Effort.Net40.csproj", "{27851BA8-A98D-486F-AC6C-731BF11D5B52}"
EndProject
Project("{FAE04EC0-301F-11D3-BF4B-00C04F79EFBC}") = "Z.EntityFramework.Classic.Effort.Net45", "Z.EntityFramework.Classic.Effort.Net45\Z.EntityFramework.Classic.Effort.Net45.csproj", "{827D4E48-5B82-437D-88DD-EDF71E27AFAD}"
EndProject
Project("{9A19103F-16F7-4668-BE54-9A1E7A4F7556}") = "Z.EntityFramework.Classic.Effort.NetStandard20", "Z.EntityFramework.Classic.Effort.NetStandard20\Z.EntityFramework.Classic.Effort.NetStandard20.csproj", "{743A34DF-2B8C-4D54-9129-CA64C408676C}"
EndProject
Project("{FAE04EC0-301F-11D3-BF4B-00C04F79EFBC}") = "Effort.Net40", "Effort.Net40\Effort.Net40.csproj", "{779ECF7B-0379-419D-BC4D-286A8EC08F6D}"
EndProject
Project("{FAE04EC0-301F-11D3-BF4B-00C04F79EFBC}") = "Effort.EF6.Net40", "Effort.EF6.Net40\Effort.EF6.Net40.csproj", "{896D3CA3-A5BD-4AAC-B384-8488AD59EE87}"
EndProject
Project("{FAE04EC0-301F-11D3-BF4B-00C04F79EFBC}") = "Effort.Net45", "Effort.Net45\Effort.Net45.csproj", "{AA6B4A10-01C1-4CC0-8009-4A7C6AA28585}"
EndProject
Project("{FAE04EC0-301F-11D3-BF4B-00C04F79EFBC}") = "Effort.EF6.Net45", "Effort.EF6.Net45\Effort.EF6.Net45.csproj", "{810B876C-4C73-4F0B-9FFF-019FE4F30182}"
EndProject
Project("{2150E333-8FDC-42A3-9474-1A3956D46DE8}") = "test", "test", "{8B6B0FA0-F52C-43D6-8D2B-69C2D49168B3}"
EndProject
Project("{FAE04EC0-301F-11D3-BF4B-00C04F79EFBC}") = "Effort.Test.Data", "test\Effort.Test.Data\Effort.Test.Data.csproj", "{0FC240A8-7D16-4F3F-BB4E-73DB0E398928}"
EndProject
Project("{FAE04EC0-301F-11D3-BF4B-00C04F79EFBC}") = "Effort.Test", "test\Effort.Test\Effort.Test.csproj", "{9D798C11-1A11-418F-A88B-7236261A95B3}"
EndProject
Project("{2150E333-8FDC-42A3-9474-1A3956D46DE8}") = "lab", "lab", "{9AE7049D-3CF5-4F0D-AF8E-106913C4078E}"
EndProject
Project("{FAE04EC0-301F-11D3-BF4B-00C04F79EFBC}") = "Z.Lab.EFClassic", "lab\Z.Lab.EFClassic\Z.Lab.EFClassic.csproj", "{3876BF7C-7330-45EA-B867-B66C389A4A68}"
EndProject
Project("{FAE04EC0-301F-11D3-BF4B-00C04F79EFBC}") = "Effort.Lab.EF6", "lab\Effort.Lab.EF6\Effort.Lab.EF6.csproj", "{5D086FDF-2604-413F-8164-0B8FF1C2A522}"
EndProject
Project("{2150E333-8FDC-42A3-9474-1A3956D46DE8}") = "nmemory", "nmemory", "{3F5A9B05-4756-46C1-90E6-957C655A4C5C}"
EndProject
Project("{FAE04EC0-301F-11D3-BF4B-00C04F79EFBC}") = "NMemory.Net40", "..\..\..\nmemory\Main\Source\NMemory.Net40\NMemory.Net40.csproj", "{C0567FFE-0D52-4747-AC52-B55C5D85BB57}"
EndProject
Project("{FAE04EC0-301F-11D3-BF4B-00C04F79EFBC}") = "NMemory.Net45", "..\..\..\nmemory\Main\Source\NMemory.Net45\NMemory.Net45.csproj", "{D90524E5-ABE4-41E6-A7AF-5148754BB5A6}"
EndProject
Project("{9A19103F-16F7-4668-BE54-9A1E7A4F7556}") = "NMemory.NetStandard20", "..\..\..\nmemory\Main\Source\NMemory.NetStandard20\NMemory.NetStandard20.csproj", "{DE111472-1398-4DED-A09E-2BDB9782E637}"
EndProject
Project("{D954291E-2A0B-460D-934E-DC6B0785DB48}") = "NMemory.Shared", "..\..\..\nmemory\Main\Source\NMemory.Shared\NMemory.Shared.shproj", "{148C0604-D59B-44A5-AAE4-EC17C6067EA7}"
EndProject
Project("{FAE04EC0-301F-11D3-BF4B-00C04F79EFBC}") = "Z.Lab.NamingIssue", "lab\Z.Lab.NamingIssue\Z.Lab.NamingIssue.csproj", "{5331EBBA-D2F9-48BB-AD4F-AF4D1AE1DE30}"
EndProject
Project("{FAE04EC0-301F-11D3-BF4B-00C04F79EFBC}") = "Effort.Lab.EF6.Net40", "Effort.Lab.EF6.Net40\Effort.Lab.EF6.Net40.csproj", "{32E4F554-EDA2-47C5-9B03-EB91A1658AE4}"
EndProject
Project("{FAE04EC0-301F-11D3-BF4B-00C04F79EFBC}") = "Effort.Extra.Tests", "test\Effort.Extra.Tests\Effort.Extra.Tests.csproj", "{064965F8-9D9C-4281-A4DB-2C14C33F52D4}"
EndProject
Project("{FAE04EC0-301F-11D3-BF4B-00C04F79EFBC}") = "Effort.Extra.EF6.Tests", "test\Effort.Extra.EF6.Tests\Effort.Extra.EF6.Tests.csproj", "{D93FD2C5-D490-4AE5-98D3-28CDF3B768D6}"
EndProject
Project("{FAE04EC0-301F-11D3-BF4B-00C04F79EFBC}") = "UnitTest", "..\..\..\..\..\Desktop\PocEffort\UnitTest\UnitTest.csproj", "{045E9C78-6685-46C0-8B54-DFF082B7580B}"
EndProject
Project("{FAE04EC0-301F-11D3-BF4B-00C04F79EFBC}") = "Model", "..\..\..\..\..\Desktop\PocEffort\Model\Model.csproj", "{DCA5709B-E53C-442D-BDFB-BEA668A30F31}"
EndProject
Global
	GlobalSection(SharedMSBuildProjectFiles) = preSolution
		..\..\..\nmemory\Main\Source\NMemory.Shared\NMemory.Shared.projitems*{148c0604-d59b-44a5-aae4-ec17c6067ea7}*SharedItemsImports = 13
		Effort.Shared\Effort.Shared.projitems*{27851ba8-a98d-486f-ac6c-731bf11d5b52}*SharedItemsImports = 4
		Effort.Shared\Effort.Shared.projitems*{779ecf7b-0379-419d-bc4d-286a8ec08f6d}*SharedItemsImports = 4
		Effort.Shared\Effort.Shared.projitems*{810b876c-4c73-4f0b-9fff-019fe4f30182}*SharedItemsImports = 4
		Effort.Shared\Effort.Shared.projitems*{827d4e48-5b82-437d-88dd-edf71e27afad}*SharedItemsImports = 4
		Effort.Shared\Effort.Shared.projitems*{896d3ca3-a5bd-4aac-b384-8488ad59ee87}*SharedItemsImports = 4
		Effort.Shared\Effort.Shared.projitems*{aa6b4a10-01c1-4cc0-8009-4a7c6aa28585}*SharedItemsImports = 4
		..\..\..\nmemory\Main\Source\NMemory.Shared\NMemory.Shared.projitems*{c0567ffe-0d52-4747-ac52-b55c5d85bb57}*SharedItemsImports = 4
		..\..\..\nmemory\Main\Source\NMemory.Shared\NMemory.Shared.projitems*{d90524e5-abe4-41e6-a7af-5148754bb5a6}*SharedItemsImports = 4
		Effort.Shared\Effort.Shared.projitems*{e52e4eeb-6182-4ca3-82d3-c83aca7308ba}*SharedItemsImports = 13
	EndGlobalSection
	GlobalSection(SolutionConfigurationPlatforms) = preSolution
		Debug|Any CPU = Debug|Any CPU
		Release|Any CPU = Release|Any CPU
	EndGlobalSection
	GlobalSection(ProjectConfigurationPlatforms) = postSolution
		{27851BA8-A98D-486F-AC6C-731BF11D5B52}.Debug|Any CPU.ActiveCfg = Debug|Any CPU
		{27851BA8-A98D-486F-AC6C-731BF11D5B52}.Debug|Any CPU.Build.0 = Debug|Any CPU
		{27851BA8-A98D-486F-AC6C-731BF11D5B52}.Release|Any CPU.ActiveCfg = Release|Any CPU
		{27851BA8-A98D-486F-AC6C-731BF11D5B52}.Release|Any CPU.Build.0 = Release|Any CPU
		{827D4E48-5B82-437D-88DD-EDF71E27AFAD}.Debug|Any CPU.ActiveCfg = Debug|Any CPU
		{827D4E48-5B82-437D-88DD-EDF71E27AFAD}.Debug|Any CPU.Build.0 = Debug|Any CPU
		{827D4E48-5B82-437D-88DD-EDF71E27AFAD}.Release|Any CPU.ActiveCfg = Release|Any CPU
		{827D4E48-5B82-437D-88DD-EDF71E27AFAD}.Release|Any CPU.Build.0 = Release|Any CPU
		{743A34DF-2B8C-4D54-9129-CA64C408676C}.Debug|Any CPU.ActiveCfg = Debug|Any CPU
		{743A34DF-2B8C-4D54-9129-CA64C408676C}.Debug|Any CPU.Build.0 = Debug|Any CPU
		{743A34DF-2B8C-4D54-9129-CA64C408676C}.Release|Any CPU.ActiveCfg = Release|Any CPU
		{743A34DF-2B8C-4D54-9129-CA64C408676C}.Release|Any CPU.Build.0 = Release|Any CPU
		{779ECF7B-0379-419D-BC4D-286A8EC08F6D}.Debug|Any CPU.ActiveCfg = Debug|Any CPU
		{779ECF7B-0379-419D-BC4D-286A8EC08F6D}.Debug|Any CPU.Build.0 = Debug|Any CPU
		{779ECF7B-0379-419D-BC4D-286A8EC08F6D}.Release|Any CPU.ActiveCfg = Release|Any CPU
		{779ECF7B-0379-419D-BC4D-286A8EC08F6D}.Release|Any CPU.Build.0 = Release|Any CPU
		{896D3CA3-A5BD-4AAC-B384-8488AD59EE87}.Debug|Any CPU.ActiveCfg = Debug|Any CPU
		{896D3CA3-A5BD-4AAC-B384-8488AD59EE87}.Debug|Any CPU.Build.0 = Debug|Any CPU
		{896D3CA3-A5BD-4AAC-B384-8488AD59EE87}.Release|Any CPU.ActiveCfg = Release|Any CPU
		{896D3CA3-A5BD-4AAC-B384-8488AD59EE87}.Release|Any CPU.Build.0 = Release|Any CPU
		{AA6B4A10-01C1-4CC0-8009-4A7C6AA28585}.Debug|Any CPU.ActiveCfg = Debug|Any CPU
		{AA6B4A10-01C1-4CC0-8009-4A7C6AA28585}.Debug|Any CPU.Build.0 = Debug|Any CPU
		{AA6B4A10-01C1-4CC0-8009-4A7C6AA28585}.Release|Any CPU.ActiveCfg = Release|Any CPU
		{AA6B4A10-01C1-4CC0-8009-4A7C6AA28585}.Release|Any CPU.Build.0 = Release|Any CPU
		{810B876C-4C73-4F0B-9FFF-019FE4F30182}.Debug|Any CPU.ActiveCfg = Debug|Any CPU
		{810B876C-4C73-4F0B-9FFF-019FE4F30182}.Debug|Any CPU.Build.0 = Debug|Any CPU
		{810B876C-4C73-4F0B-9FFF-019FE4F30182}.Release|Any CPU.ActiveCfg = Release|Any CPU
		{810B876C-4C73-4F0B-9FFF-019FE4F30182}.Release|Any CPU.Build.0 = Release|Any CPU
		{0FC240A8-7D16-4F3F-BB4E-73DB0E398928}.Debug|Any CPU.ActiveCfg = Debug|Any CPU
		{0FC240A8-7D16-4F3F-BB4E-73DB0E398928}.Debug|Any CPU.Build.0 = Debug|Any CPU
		{0FC240A8-7D16-4F3F-BB4E-73DB0E398928}.Release|Any CPU.ActiveCfg = Debug|Any CPU
		{0FC240A8-7D16-4F3F-BB4E-73DB0E398928}.Release|Any CPU.Build.0 = Debug|Any CPU
		{9D798C11-1A11-418F-A88B-7236261A95B3}.Debug|Any CPU.ActiveCfg = Debug|Any CPU
		{9D798C11-1A11-418F-A88B-7236261A95B3}.Debug|Any CPU.Build.0 = Debug|Any CPU
		{9D798C11-1A11-418F-A88B-7236261A95B3}.Release|Any CPU.ActiveCfg = Debug|Any CPU
		{9D798C11-1A11-418F-A88B-7236261A95B3}.Release|Any CPU.Build.0 = Debug|Any CPU
		{3876BF7C-7330-45EA-B867-B66C389A4A68}.Debug|Any CPU.ActiveCfg = Debug|Any CPU
		{3876BF7C-7330-45EA-B867-B66C389A4A68}.Debug|Any CPU.Build.0 = Debug|Any CPU
		{3876BF7C-7330-45EA-B867-B66C389A4A68}.Release|Any CPU.ActiveCfg = Release|Any CPU
		{3876BF7C-7330-45EA-B867-B66C389A4A68}.Release|Any CPU.Build.0 = Release|Any CPU
		{5D086FDF-2604-413F-8164-0B8FF1C2A522}.Debug|Any CPU.ActiveCfg = Debug|Any CPU
		{5D086FDF-2604-413F-8164-0B8FF1C2A522}.Debug|Any CPU.Build.0 = Debug|Any CPU
		{5D086FDF-2604-413F-8164-0B8FF1C2A522}.Release|Any CPU.ActiveCfg = Release|Any CPU
		{5D086FDF-2604-413F-8164-0B8FF1C2A522}.Release|Any CPU.Build.0 = Release|Any CPU
		{C0567FFE-0D52-4747-AC52-B55C5D85BB57}.Debug|Any CPU.ActiveCfg = Debug|Any CPU
		{C0567FFE-0D52-4747-AC52-B55C5D85BB57}.Debug|Any CPU.Build.0 = Debug|Any CPU
		{C0567FFE-0D52-4747-AC52-B55C5D85BB57}.Release|Any CPU.ActiveCfg = Release|Any CPU
		{C0567FFE-0D52-4747-AC52-B55C5D85BB57}.Release|Any CPU.Build.0 = Release|Any CPU
		{D90524E5-ABE4-41E6-A7AF-5148754BB5A6}.Debug|Any CPU.ActiveCfg = Debug|Any CPU
		{D90524E5-ABE4-41E6-A7AF-5148754BB5A6}.Debug|Any CPU.Build.0 = Debug|Any CPU
		{D90524E5-ABE4-41E6-A7AF-5148754BB5A6}.Release|Any CPU.ActiveCfg = Release|Any CPU
		{D90524E5-ABE4-41E6-A7AF-5148754BB5A6}.Release|Any CPU.Build.0 = Release|Any CPU
		{DE111472-1398-4DED-A09E-2BDB9782E637}.Debug|Any CPU.ActiveCfg = Debug|Any CPU
		{DE111472-1398-4DED-A09E-2BDB9782E637}.Debug|Any CPU.Build.0 = Debug|Any CPU
		{DE111472-1398-4DED-A09E-2BDB9782E637}.Release|Any CPU.ActiveCfg = Release|Any CPU
		{DE111472-1398-4DED-A09E-2BDB9782E637}.Release|Any CPU.Build.0 = Release|Any CPU
		{5331EBBA-D2F9-48BB-AD4F-AF4D1AE1DE30}.Debug|Any CPU.ActiveCfg = Debug|Any CPU
		{5331EBBA-D2F9-48BB-AD4F-AF4D1AE1DE30}.Debug|Any CPU.Build.0 = Debug|Any CPU
		{5331EBBA-D2F9-48BB-AD4F-AF4D1AE1DE30}.Release|Any CPU.ActiveCfg = Release|Any CPU
		{5331EBBA-D2F9-48BB-AD4F-AF4D1AE1DE30}.Release|Any CPU.Build.0 = Release|Any CPU
		{32E4F554-EDA2-47C5-9B03-EB91A1658AE4}.Debug|Any CPU.ActiveCfg = Debug|Any CPU
		{32E4F554-EDA2-47C5-9B03-EB91A1658AE4}.Debug|Any CPU.Build.0 = Debug|Any CPU
		{32E4F554-EDA2-47C5-9B03-EB91A1658AE4}.Release|Any CPU.ActiveCfg = Release|Any CPU
		{32E4F554-EDA2-47C5-9B03-EB91A1658AE4}.Release|Any CPU.Build.0 = Release|Any CPU
		{064965F8-9D9C-4281-A4DB-2C14C33F52D4}.Debug|Any CPU.ActiveCfg = Debug|Any CPU
		{064965F8-9D9C-4281-A4DB-2C14C33F52D4}.Debug|Any CPU.Build.0 = Debug|Any CPU
		{064965F8-9D9C-4281-A4DB-2C14C33F52D4}.Release|Any CPU.ActiveCfg = Release|Any CPU
		{064965F8-9D9C-4281-A4DB-2C14C33F52D4}.Release|Any CPU.Build.0 = Release|Any CPU
		{D93FD2C5-D490-4AE5-98D3-28CDF3B768D6}.Debug|Any CPU.ActiveCfg = Debug|Any CPU
		{D93FD2C5-D490-4AE5-98D3-28CDF3B768D6}.Debug|Any CPU.Build.0 = Debug|Any CPU
		{D93FD2C5-D490-4AE5-98D3-28CDF3B768D6}.Release|Any CPU.ActiveCfg = Release|Any CPU
		{D93FD2C5-D490-4AE5-98D3-28CDF3B768D6}.Release|Any CPU.Build.0 = Release|Any CPU
		{045E9C78-6685-46C0-8B54-DFF082B7580B}.Debug|Any CPU.ActiveCfg = Debug|Any CPU
		{045E9C78-6685-46C0-8B54-DFF082B7580B}.Debug|Any CPU.Build.0 = Debug|Any CPU
		{045E9C78-6685-46C0-8B54-DFF082B7580B}.Release|Any CPU.ActiveCfg = Release|Any CPU
		{045E9C78-6685-46C0-8B54-DFF082B7580B}.Release|Any CPU.Build.0 = Release|Any CPU
		{DCA5709B-E53C-442D-BDFB-BEA668A30F31}.Debug|Any CPU.ActiveCfg = Debug|Any CPU
		{DCA5709B-E53C-442D-BDFB-BEA668A30F31}.Debug|Any CPU.Build.0 = Debug|Any CPU
		{DCA5709B-E53C-442D-BDFB-BEA668A30F31}.Release|Any CPU.ActiveCfg = Release|Any CPU
		{DCA5709B-E53C-442D-BDFB-BEA668A30F31}.Release|Any CPU.Build.0 = Release|Any CPU
	EndGlobalSection
	GlobalSection(SolutionProperties) = preSolution
		HideSolutionNode = FALSE
	EndGlobalSection
	GlobalSection(NestedProjects) = preSolution
		{0FC240A8-7D16-4F3F-BB4E-73DB0E398928} = {8B6B0FA0-F52C-43D6-8D2B-69C2D49168B3}
		{9D798C11-1A11-418F-A88B-7236261A95B3} = {8B6B0FA0-F52C-43D6-8D2B-69C2D49168B3}
		{3876BF7C-7330-45EA-B867-B66C389A4A68} = {9AE7049D-3CF5-4F0D-AF8E-106913C4078E}
		{5D086FDF-2604-413F-8164-0B8FF1C2A522} = {9AE7049D-3CF5-4F0D-AF8E-106913C4078E}
		{C0567FFE-0D52-4747-AC52-B55C5D85BB57} = {3F5A9B05-4756-46C1-90E6-957C655A4C5C}
		{D90524E5-ABE4-41E6-A7AF-5148754BB5A6} = {3F5A9B05-4756-46C1-90E6-957C655A4C5C}
		{DE111472-1398-4DED-A09E-2BDB9782E637} = {3F5A9B05-4756-46C1-90E6-957C655A4C5C}
		{148C0604-D59B-44A5-AAE4-EC17C6067EA7} = {3F5A9B05-4756-46C1-90E6-957C655A4C5C}
		{5331EBBA-D2F9-48BB-AD4F-AF4D1AE1DE30} = {9AE7049D-3CF5-4F0D-AF8E-106913C4078E}
		{32E4F554-EDA2-47C5-9B03-EB91A1658AE4} = {9AE7049D-3CF5-4F0D-AF8E-106913C4078E}
		{064965F8-9D9C-4281-A4DB-2C14C33F52D4} = {8B6B0FA0-F52C-43D6-8D2B-69C2D49168B3}
		{D93FD2C5-D490-4AE5-98D3-28CDF3B768D6} = {8B6B0FA0-F52C-43D6-8D2B-69C2D49168B3}
	EndGlobalSection
	GlobalSection(ExtensibilityGlobals) = postSolution
		SolutionGuid = {2D1EAEC4-8F9B-4EA3-8DA5-11000ED04600}
	EndGlobalSection
	GlobalSection(TestCaseManagementSettings) = postSolution
		CategoryFile = Effort.vsmdi
	EndGlobalSection
EndGlobal
