
Microsoft Visual Studio Solution File, Format Version 11.00
# Visual Studio 2010
Project("{FAE04EC0-301F-11D3-BF4B-00C04F79EFBC}") = "Effort", "Effort\Effort.csproj", "{E612D252-9081-4995-B717-5DBEF8240FB6}"
EndProject
Project("{FAE04EC0-301F-11D3-BF4B-00C04F79EFBC}") = "Effort.Test", "Effort.Test\Effort.Test.csproj", "{368B9C8C-234A-4D63-BF17-22C87A126EB6}"
EndProject
Project("{FAE04EC0-301F-11D3-BF4B-00C04F79EFBC}") = "Effort.CsvTool", "Effort.CsvTool\Effort.CsvTool.csproj", "{E0FD26F8-DE04-4D6A-8EAD-1BB3001DF6D0}"
EndProject
Project("{2150E333-8FDC-42A3-9474-1A3956D46DE8}") = "Solution Items", "Solution Items", "{3ACA5BBA-5D01-409F-BA6A-C492C2068251}"
	ProjectSection(SolutionItems) = preProject
		Effort.vsmdi = Effort.vsmdi
		Local.testsettings = Local.testsettings
		TraceAndTestImpact.testsettings = TraceAndTestImpact.testsettings
	EndProjectSection
EndProject
Project("{FAE04EC0-301F-11D3-BF4B-00C04F79EFBC}") = "Effort.Test.Data", "Effort.Test.Data\Effort.Test.Data.csproj", "{0FC240A8-7D16-4F3F-BB4E-73DB0E398928}"
EndProject
Global
	GlobalSection(TestCaseManagementSettings) = postSolution
		CategoryFile = Effort.vsmdi
	EndGlobalSection
	GlobalSection(SolutionConfigurationPlatforms) = preSolution
		Debug|Any CPU = Debug|Any CPU
		Release|Any CPU = Release|Any CPU
	EndGlobalSection
	GlobalSection(ProjectConfigurationPlatforms) = postSolution
		{E612D252-9081-4995-B717-5DBEF8240FB6}.Debug|Any CPU.ActiveCfg = Debug|Any CPU
		{E612D252-9081-4995-B717-5DBEF8240FB6}.Debug|Any CPU.Build.0 = Debug|Any CPU
		{E612D252-9081-4995-B717-5DBEF8240FB6}.Release|Any CPU.ActiveCfg = Release|Any CPU
		{E612D252-9081-4995-B717-5DBEF8240FB6}.Release|Any CPU.Build.0 = Release|Any CPU
		{368B9C8C-234A-4D63-BF17-22C87A126EB6}.Debug|Any CPU.ActiveCfg = Debug|Any CPU
		{368B9C8C-234A-4D63-BF17-22C87A126EB6}.Debug|Any CPU.Build.0 = Debug|Any CPU
		{368B9C8C-234A-4D63-BF17-22C87A126EB6}.Release|Any CPU.ActiveCfg = Release|Any CPU
		{368B9C8C-234A-4D63-BF17-22C87A126EB6}.Release|Any CPU.Build.0 = Release|Any CPU
		{E0FD26F8-DE04-4D6A-8EAD-1BB3001DF6D0}.Debug|Any CPU.ActiveCfg = Debug|Any CPU
		{E0FD26F8-DE04-4D6A-8EAD-1BB3001DF6D0}.Debug|Any CPU.Build.0 = Debug|Any CPU
		{E0FD26F8-DE04-4D6A-8EAD-1BB3001DF6D0}.Release|Any CPU.ActiveCfg = Release|Any CPU
		{E0FD26F8-DE04-4D6A-8EAD-1BB3001DF6D0}.Release|Any CPU.Build.0 = Release|Any CPU
		{0FC240A8-7D16-4F3F-BB4E-73DB0E398928}.Debug|Any CPU.ActiveCfg = Debug|Any CPU
		{0FC240A8-7D16-4F3F-BB4E-73DB0E398928}.Debug|Any CPU.Build.0 = Debug|Any CPU
		{0FC240A8-7D16-4F3F-BB4E-73DB0E398928}.Release|Any CPU.ActiveCfg = Release|Any CPU
		{0FC240A8-7D16-4F3F-BB4E-73DB0E398928}.Release|Any CPU.Build.0 = Release|Any CPU
	EndGlobalSection
	GlobalSection(SolutionProperties) = preSolution
		HideSolutionNode = FALSE
	EndGlobalSection
EndGlobal
